
Microsoft Visual Studio Solution File, Format Version 12.00
# Visual Studio Version 17
VisualStudioVersion = 17.8.34330.188
MinimumVisualStudioVersion = 10.0.40219.1
Project("{FAE04EC0-301F-11D3-BF4B-00C04F79EFBC}") = "WebApi", "Blogs\WebApi.csproj", "{2BFDE089-4725-4729-91F9-EF1250FC54E6}"
EndProject
Project("{FAE04EC0-301F-11D3-BF4B-00C04F79EFBC}") = "Blogs.DB", "Blogs.DB\Blogs.DB.csproj", "{28DC966F-B914-4476-A4B7-38F14691B2AB}"
EndProject
Project("{FAE04EC0-301F-11D3-BF4B-00C04F79EFBC}") = "Blogs.Core", "Blogs.Core\Blogs.Core.csproj", "{A8A5E49F-3E13-4995-AA1A-854CE22C0F46}"
EndProject
Global
	GlobalSection(SolutionConfigurationPlatforms) = preSolution
		Debug|Any CPU = Debug|Any CPU
		Release|Any CPU = Release|Any CPU
	EndGlobalSection
	GlobalSection(ProjectConfigurationPlatforms) = postSolution
		{2BFDE089-4725-4729-91F9-EF1250FC54E6}.Debug|Any CPU.ActiveCfg = Debug|Any CPU
		{2BFDE089-4725-4729-91F9-EF1250FC54E6}.Debug|Any CPU.Build.0 = Debug|Any CPU
		{2BFDE089-4725-4729-91F9-EF1250FC54E6}.Release|Any CPU.ActiveCfg = Release|Any CPU
		{2BFDE089-4725-4729-91F9-EF1250FC54E6}.Release|Any CPU.Build.0 = Release|Any CPU
		{28DC966F-B914-4476-A4B7-38F14691B2AB}.Debug|Any CPU.ActiveCfg = Debug|Any CPU
		{28DC966F-B914-4476-A4B7-38F14691B2AB}.Debug|Any CPU.Build.0 = Debug|Any CPU
		{28DC966F-B914-4476-A4B7-38F14691B2AB}.Release|Any CPU.ActiveCfg = Release|Any CPU
		{28DC966F-B914-4476-A4B7-38F14691B2AB}.Release|Any CPU.Build.0 = Release|Any CPU
		{A8A5E49F-3E13-4995-AA1A-854CE22C0F46}.Debug|Any CPU.ActiveCfg = Debug|Any CPU
		{A8A5E49F-3E13-4995-AA1A-854CE22C0F46}.Debug|Any CPU.Build.0 = Debug|Any CPU
		{A8A5E49F-3E13-4995-AA1A-854CE22C0F46}.Release|Any CPU.ActiveCfg = Release|Any CPU
		{A8A5E49F-3E13-4995-AA1A-854CE22C0F46}.Release|Any CPU.Build.0 = Release|Any CPU
	EndGlobalSection
	GlobalSection(SolutionProperties) = preSolution
		HideSolutionNode = FALSE
	EndGlobalSection
	GlobalSection(ExtensibilityGlobals) = postSolution
		SolutionGuid = {C89AE6E2-7A90-4481-AD02-512720DE53BE}
	EndGlobalSection
EndGlobal
